// !$*UTF8*$!
{
	archiveVersion = 1;
	classes = {
	};
	objectVersion = 50;
	objects = {

/* Begin PBXBuildFile section */
		026C125124AFC1970069DF07 /* SegmentedControl.swift in Sources */ = {isa = PBXBuildFile; fileRef = 026C125024AFC1970069DF07 /* SegmentedControl.swift */; };
		026C125324AFC7FA0069DF07 /* RoundedCorners.swift in Sources */ = {isa = PBXBuildFile; fileRef = 026C125224AFC7FA0069DF07 /* RoundedCorners.swift */; };
		028AF00624AFA1BA00411179 /* AppDelegate.swift in Sources */ = {isa = PBXBuildFile; fileRef = 028AF00524AFA1BA00411179 /* AppDelegate.swift */; };
		028AF00824AFA1BA00411179 /* ContentView.swift in Sources */ = {isa = PBXBuildFile; fileRef = 028AF00724AFA1BA00411179 /* ContentView.swift */; };
		028AF00A24AFA1BD00411179 /* Assets.xcassets in Resources */ = {isa = PBXBuildFile; fileRef = 028AF00924AFA1BD00411179 /* Assets.xcassets */; };
		028AF00D24AFA1BD00411179 /* Preview Assets.xcassets in Resources */ = {isa = PBXBuildFile; fileRef = 028AF00C24AFA1BD00411179 /* Preview Assets.xcassets */; };
		028AF01024AFA1BD00411179 /* LaunchScreen.storyboard in Resources */ = {isa = PBXBuildFile; fileRef = 028AF00E24AFA1BD00411179 /* LaunchScreen.storyboard */; };
		028AF01924AFA47D00411179 /* SceneView.swift in Sources */ = {isa = PBXBuildFile; fileRef = 028AF01824AFA47D00411179 /* SceneView.swift */; };
		028AF01B24AFAE6900411179 /* GameScene.swift in Sources */ = {isa = PBXBuildFile; fileRef = 028AF01A24AFAE6900411179 /* GameScene.swift */; };
		028AF01E24AFB43C00411179 /* Menu.swift in Sources */ = {isa = PBXBuildFile; fileRef = 028AF01D24AFB43C00411179 /* Menu.swift */; };
		028AF02024AFBC6200411179 /* StateHolder.swift in Sources */ = {isa = PBXBuildFile; fileRef = 028AF01F24AFBC6200411179 /* StateHolder.swift */; };
		028AF02224AFBC8B00411179 /* GameState.swift in Sources */ = {isa = PBXBuildFile; fileRef = 028AF02124AFBC8B00411179 /* GameState.swift */; };
/* End PBXBuildFile section */

/* Begin PBXFileReference section */
		026C125024AFC1970069DF07 /* SegmentedControl.swift */ = {isa = PBXFileReference; lastKnownFileType = sourcecode.swift; path = SegmentedControl.swift; sourceTree = "<group>"; };
		026C125224AFC7FA0069DF07 /* RoundedCorners.swift */ = {isa = PBXFileReference; lastKnownFileType = sourcecode.swift; path = RoundedCorners.swift; sourceTree = "<group>"; };
		028AF00224AFA1BA00411179 /* Beatbots.app */ = {isa = PBXFileReference; explicitFileType = wrapper.application; includeInIndex = 0; path = Beatbots.app; sourceTree = BUILT_PRODUCTS_DIR; };
		028AF00524AFA1BA00411179 /* AppDelegate.swift */ = {isa = PBXFileReference; lastKnownFileType = sourcecode.swift; path = AppDelegate.swift; sourceTree = "<group>"; };
		028AF00724AFA1BA00411179 /* ContentView.swift */ = {isa = PBXFileReference; lastKnownFileType = sourcecode.swift; path = ContentView.swift; sourceTree = "<group>"; };
		028AF00924AFA1BD00411179 /* Assets.xcassets */ = {isa = PBXFileReference; lastKnownFileType = folder.assetcatalog; path = Assets.xcassets; sourceTree = "<group>"; };
		028AF00C24AFA1BD00411179 /* Preview Assets.xcassets */ = {isa = PBXFileReference; lastKnownFileType = folder.assetcatalog; path = "Preview Assets.xcassets"; sourceTree = "<group>"; };
		028AF00F24AFA1BD00411179 /* Base */ = {isa = PBXFileReference; lastKnownFileType = file.storyboard; name = Base; path = Base.lproj/LaunchScreen.storyboard; sourceTree = "<group>"; };
		028AF01124AFA1BD00411179 /* Info.plist */ = {isa = PBXFileReference; lastKnownFileType = text.plist.xml; path = Info.plist; sourceTree = "<group>"; };
		028AF01824AFA47D00411179 /* SceneView.swift */ = {isa = PBXFileReference; lastKnownFileType = sourcecode.swift; path = SceneView.swift; sourceTree = "<group>"; };
		028AF01A24AFAE6900411179 /* GameScene.swift */ = {isa = PBXFileReference; lastKnownFileType = sourcecode.swift; path = GameScene.swift; sourceTree = "<group>"; };
		028AF01D24AFB43C00411179 /* Menu.swift */ = {isa = PBXFileReference; lastKnownFileType = sourcecode.swift; path = Menu.swift; sourceTree = "<group>"; };
		028AF01F24AFBC6200411179 /* StateHolder.swift */ = {isa = PBXFileReference; lastKnownFileType = sourcecode.swift; path = StateHolder.swift; sourceTree = "<group>"; };
		028AF02124AFBC8B00411179 /* GameState.swift */ = {isa = PBXFileReference; lastKnownFileType = sourcecode.swift; path = GameState.swift; sourceTree = "<group>"; };
/* End PBXFileReference section */

/* Begin PBXFrameworksBuildPhase section */
		028AEFFF24AFA1BA00411179 /* Frameworks */ = {
			isa = PBXFrameworksBuildPhase;
			buildActionMask = 2147483647;
			files = (
			);
			runOnlyForDeploymentPostprocessing = 0;
		};
/* End PBXFrameworksBuildPhase section */

/* Begin PBXGroup section */
		028AEFF924AFA1BA00411179 = {
			isa = PBXGroup;
			children = (
				028AF00424AFA1BA00411179 /* Beatbots */,
				028AF00324AFA1BA00411179 /* Products */,
			);
			sourceTree = "<group>";
		};
		028AF00324AFA1BA00411179 /* Products */ = {
			isa = PBXGroup;
			children = (
				028AF00224AFA1BA00411179 /* Beatbots.app */,
			);
			name = Products;
			sourceTree = "<group>";
		};
		028AF00424AFA1BA00411179 /* Beatbots */ = {
			isa = PBXGroup;
			children = (
				028AF02124AFBC8B00411179 /* GameState.swift */,
				028AF01F24AFBC6200411179 /* StateHolder.swift */,
				028AF01C24AFB42900411179 /* SwiftUI */,
				028AF01724AFA46800411179 /* SpriteKit */,
				028AF00524AFA1BA00411179 /* AppDelegate.swift */,
				028AF00724AFA1BA00411179 /* ContentView.swift */,
				028AF00924AFA1BD00411179 /* Assets.xcassets */,
				028AF00E24AFA1BD00411179 /* LaunchScreen.storyboard */,
				028AF01124AFA1BD00411179 /* Info.plist */,
				028AF00B24AFA1BD00411179 /* Preview Content */,
			);
			path = Beatbots;
			sourceTree = "<group>";
		};
		028AF00B24AFA1BD00411179 /* Preview Content */ = {
			isa = PBXGroup;
			children = (
				028AF00C24AFA1BD00411179 /* Preview Assets.xcassets */,
			);
			path = "Preview Content";
			sourceTree = "<group>";
		};
		028AF01724AFA46800411179 /* SpriteKit */ = {
			isa = PBXGroup;
			children = (
				028AF01A24AFAE6900411179 /* GameScene.swift */,
			);
			path = SpriteKit;
			sourceTree = "<group>";
		};
		028AF01C24AFB42900411179 /* SwiftUI */ = {
			isa = PBXGroup;
			children = (
				028AF01824AFA47D00411179 /* SceneView.swift */,
				028AF01D24AFB43C00411179 /* Menu.swift */,
				026C125024AFC1970069DF07 /* SegmentedControl.swift */,
				026C125224AFC7FA0069DF07 /* RoundedCorners.swift */,
			);
			path = SwiftUI;
			sourceTree = "<group>";
		};
/* End PBXGroup section */

/* Begin PBXNativeTarget section */
		028AF00124AFA1BA00411179 /* Beatbots */ = {
			isa = PBXNativeTarget;
			buildConfigurationList = 028AF01424AFA1BD00411179 /* Build configuration list for PBXNativeTarget "Beatbots" */;
			buildPhases = (
				028AEFFE24AFA1BA00411179 /* Sources */,
				028AEFFF24AFA1BA00411179 /* Frameworks */,
				028AF00024AFA1BA00411179 /* Resources */,
			);
			buildRules = (
			);
			dependencies = (
			);
			name = Beatbots;
			productName = Beatbots;
			productReference = 028AF00224AFA1BA00411179 /* Beatbots.app */;
			productType = "com.apple.product-type.application";
		};
/* End PBXNativeTarget section */

/* Begin PBXProject section */
		028AEFFA24AFA1BA00411179 /* Project object */ = {
			isa = PBXProject;
			attributes = {
				LastSwiftUpdateCheck = 1150;
				LastUpgradeCheck = 1150;
				ORGANIZATIONNAME = "Pedro Giuliano Farina";
				TargetAttributes = {
					028AF00124AFA1BA00411179 = {
						CreatedOnToolsVersion = 11.5;
					};
				};
			};
			buildConfigurationList = 028AEFFD24AFA1BA00411179 /* Build configuration list for PBXProject "Beatbots" */;
			compatibilityVersion = "Xcode 9.3";
			developmentRegion = en;
			hasScannedForEncodings = 0;
			knownRegions = (
				en,
				Base,
			);
			mainGroup = 028AEFF924AFA1BA00411179;
			productRefGroup = 028AF00324AFA1BA00411179 /* Products */;
			projectDirPath = "";
			projectRoot = "";
			targets = (
				028AF00124AFA1BA00411179 /* Beatbots */,
			);
		};
/* End PBXProject section */

/* Begin PBXResourcesBuildPhase section */
		028AF00024AFA1BA00411179 /* Resources */ = {
			isa = PBXResourcesBuildPhase;
			buildActionMask = 2147483647;
			files = (
				028AF01024AFA1BD00411179 /* LaunchScreen.storyboard in Resources */,
				028AF00D24AFA1BD00411179 /* Preview Assets.xcassets in Resources */,
				028AF00A24AFA1BD00411179 /* Assets.xcassets in Resources */,
			);
			runOnlyForDeploymentPostprocessing = 0;
		};
/* End PBXResourcesBuildPhase section */

/* Begin PBXSourcesBuildPhase section */
		028AEFFE24AFA1BA00411179 /* Sources */ = {
			isa = PBXSourcesBuildPhase;
			buildActionMask = 2147483647;
			files = (
				028AF02224AFBC8B00411179 /* GameState.swift in Sources */,
				028AF01924AFA47D00411179 /* SceneView.swift in Sources */,
				028AF02024AFBC6200411179 /* StateHolder.swift in Sources */,
				028AF00824AFA1BA00411179 /* ContentView.swift in Sources */,
				028AF01B24AFAE6900411179 /* GameScene.swift in Sources */,
				026C125324AFC7FA0069DF07 /* RoundedCorners.swift in Sources */,
				028AF00624AFA1BA00411179 /* AppDelegate.swift in Sources */,
				026C125124AFC1970069DF07 /* SegmentedControl.swift in Sources */,
				028AF01E24AFB43C00411179 /* Menu.swift in Sources */,
			);
			runOnlyForDeploymentPostprocessing = 0;
		};
/* End PBXSourcesBuildPhase section */

/* Begin PBXVariantGroup section */
		028AF00E24AFA1BD00411179 /* LaunchScreen.storyboard */ = {
			isa = PBXVariantGroup;
			children = (
				028AF00F24AFA1BD00411179 /* Base */,
			);
			name = LaunchScreen.storyboard;
			sourceTree = "<group>";
		};
/* End PBXVariantGroup section */

/* Begin XCBuildConfiguration section */
		028AF01224AFA1BD00411179 /* Debug */ = {
			isa = XCBuildConfiguration;
			buildSettings = {
				ALWAYS_SEARCH_USER_PATHS = NO;
				CLANG_ANALYZER_NONNULL = YES;
				CLANG_ANALYZER_NUMBER_OBJECT_CONVERSION = YES_AGGRESSIVE;
				CLANG_CXX_LANGUAGE_STANDARD = "gnu++14";
				CLANG_CXX_LIBRARY = "libc++";
				CLANG_ENABLE_MODULES = YES;
				CLANG_ENABLE_OBJC_ARC = YES;
				CLANG_ENABLE_OBJC_WEAK = YES;
				CLANG_WARN_BLOCK_CAPTURE_AUTORELEASING = YES;
				CLANG_WARN_BOOL_CONVERSION = YES;
				CLANG_WARN_COMMA = YES;
				CLANG_WARN_CONSTANT_CONVERSION = YES;
				CLANG_WARN_DEPRECATED_OBJC_IMPLEMENTATIONS = YES;
				CLANG_WARN_DIRECT_OBJC_ISA_USAGE = YES_ERROR;
				CLANG_WARN_DOCUMENTATION_COMMENTS = YES;
				CLANG_WARN_EMPTY_BODY = YES;
				CLANG_WARN_ENUM_CONVERSION = YES;
				CLANG_WARN_INFINITE_RECURSION = YES;
				CLANG_WARN_INT_CONVERSION = YES;
				CLANG_WARN_NON_LITERAL_NULL_CONVERSION = YES;
				CLANG_WARN_OBJC_IMPLICIT_RETAIN_SELF = YES;
				CLANG_WARN_OBJC_LITERAL_CONVERSION = YES;
				CLANG_WARN_OBJC_ROOT_CLASS = YES_ERROR;
				CLANG_WARN_RANGE_LOOP_ANALYSIS = YES;
				CLANG_WARN_STRICT_PROTOTYPES = YES;
				CLANG_WARN_SUSPICIOUS_MOVE = YES;
				CLANG_WARN_UNGUARDED_AVAILABILITY = YES_AGGRESSIVE;
				CLANG_WARN_UNREACHABLE_CODE = YES;
				CLANG_WARN__DUPLICATE_METHOD_MATCH = YES;
				COPY_PHASE_STRIP = NO;
				DEBUG_INFORMATION_FORMAT = dwarf;
				ENABLE_STRICT_OBJC_MSGSEND = YES;
				ENABLE_TESTABILITY = YES;
				GCC_C_LANGUAGE_STANDARD = gnu11;
				GCC_DYNAMIC_NO_PIC = NO;
				GCC_NO_COMMON_BLOCKS = YES;
				GCC_OPTIMIZATION_LEVEL = 0;
				GCC_PREPROCESSOR_DEFINITIONS = (
					"DEBUG=1",
					"$(inherited)",
				);
				GCC_WARN_64_TO_32_BIT_CONVERSION = YES;
				GCC_WARN_ABOUT_RETURN_TYPE = YES_ERROR;
				GCC_WARN_UNDECLARED_SELECTOR = YES;
				GCC_WARN_UNINITIALIZED_AUTOS = YES_AGGRESSIVE;
				GCC_WARN_UNUSED_FUNCTION = YES;
				GCC_WARN_UNUSED_VARIABLE = YES;
				MTL_ENABLE_DEBUG_INFO = INCLUDE_SOURCE;
				MTL_FAST_MATH = YES;
				ONLY_ACTIVE_ARCH = YES;
				SDKROOT = appletvos;
				SWIFT_ACTIVE_COMPILATION_CONDITIONS = DEBUG;
				SWIFT_OPTIMIZATION_LEVEL = "-Onone";
				TVOS_DEPLOYMENT_TARGET = 13.4;
			};
			name = Debug;
		};
		028AF01324AFA1BD00411179 /* Release */ = {
			isa = XCBuildConfiguration;
			buildSettings = {
				ALWAYS_SEARCH_USER_PATHS = NO;
				CLANG_ANALYZER_NONNULL = YES;
				CLANG_ANALYZER_NUMBER_OBJECT_CONVERSION = YES_AGGRESSIVE;
				CLANG_CXX_LANGUAGE_STANDARD = "gnu++14";
				CLANG_CXX_LIBRARY = "libc++";
				CLANG_ENABLE_MODULES = YES;
				CLANG_ENABLE_OBJC_ARC = YES;
				CLANG_ENABLE_OBJC_WEAK = YES;
				CLANG_WARN_BLOCK_CAPTURE_AUTORELEASING = YES;
				CLANG_WARN_BOOL_CONVERSION = YES;
				CLANG_WARN_COMMA = YES;
				CLANG_WARN_CONSTANT_CONVERSION = YES;
				CLANG_WARN_DEPRECATED_OBJC_IMPLEMENTATIONS = YES;
				CLANG_WARN_DIRECT_OBJC_ISA_USAGE = YES_ERROR;
				CLANG_WARN_DOCUMENTATION_COMMENTS = YES;
				CLANG_WARN_EMPTY_BODY = YES;
				CLANG_WARN_ENUM_CONVERSION = YES;
				CLANG_WARN_INFINITE_RECURSION = YES;
				CLANG_WARN_INT_CONVERSION = YES;
				CLANG_WARN_NON_LITERAL_NULL_CONVERSION = YES;
				CLANG_WARN_OBJC_IMPLICIT_RETAIN_SELF = YES;
				CLANG_WARN_OBJC_LITERAL_CONVERSION = YES;
				CLANG_WARN_OBJC_ROOT_CLASS = YES_ERROR;
				CLANG_WARN_RANGE_LOOP_ANALYSIS = YES;
				CLANG_WARN_STRICT_PROTOTYPES = YES;
				CLANG_WARN_SUSPICIOUS_MOVE = YES;
				CLANG_WARN_UNGUARDED_AVAILABILITY = YES_AGGRESSIVE;
				CLANG_WARN_UNREACHABLE_CODE = YES;
				CLANG_WARN__DUPLICATE_METHOD_MATCH = YES;
				COPY_PHASE_STRIP = NO;
				DEBUG_INFORMATION_FORMAT = "dwarf-with-dsym";
				ENABLE_NS_ASSERTIONS = NO;
				ENABLE_STRICT_OBJC_MSGSEND = YES;
				GCC_C_LANGUAGE_STANDARD = gnu11;
				GCC_NO_COMMON_BLOCKS = YES;
				GCC_WARN_64_TO_32_BIT_CONVERSION = YES;
				GCC_WARN_ABOUT_RETURN_TYPE = YES_ERROR;
				GCC_WARN_UNDECLARED_SELECTOR = YES;
				GCC_WARN_UNINITIALIZED_AUTOS = YES_AGGRESSIVE;
				GCC_WARN_UNUSED_FUNCTION = YES;
				GCC_WARN_UNUSED_VARIABLE = YES;
				MTL_ENABLE_DEBUG_INFO = NO;
				MTL_FAST_MATH = YES;
				SDKROOT = appletvos;
				SWIFT_COMPILATION_MODE = wholemodule;
				SWIFT_OPTIMIZATION_LEVEL = "-O";
				TVOS_DEPLOYMENT_TARGET = 13.4;
				VALIDATE_PRODUCT = YES;
			};
			name = Release;
		};
		028AF01524AFA1BD00411179 /* Debug */ = {
			isa = XCBuildConfiguration;
			buildSettings = {
				ASSETCATALOG_COMPILER_APPICON_NAME = "App Icon & Top Shelf Image";
				CODE_SIGN_STYLE = Automatic;
				DEVELOPMENT_ASSET_PATHS = "\"Beatbots/Preview Content\"";
				DEVELOPMENT_TEAM = BVZY57RJZG;
				ENABLE_PREVIEWS = YES;
				INFOPLIST_FILE = Beatbots/Info.plist;
				LD_RUNPATH_SEARCH_PATHS = (
					"$(inherited)",
					"@executable_path/Frameworks",
				);
				PRODUCT_BUNDLE_IDENTIFIER = PGF.Beatbots;
				PRODUCT_NAME = "$(TARGET_NAME)";
				SWIFT_VERSION = 5.0;
				TARGETED_DEVICE_FAMILY = 3;
			};
			name = Debug;
		};
		028AF01624AFA1BD00411179 /* Release */ = {
			isa = XCBuildConfiguration;
			buildSettings = {
				ASSETCATALOG_COMPILER_APPICON_NAME = "App Icon & Top Shelf Image";
				CODE_SIGN_STYLE = Automatic;
				DEVELOPMENT_ASSET_PATHS = "\"Beatbots/Preview Content\"";
				DEVELOPMENT_TEAM = BVZY57RJZG;
				ENABLE_PREVIEWS = YES;
				INFOPLIST_FILE = Beatbots/Info.plist;
				LD_RUNPATH_SEARCH_PATHS = (
					"$(inherited)",
					"@executable_path/Frameworks",
				);
				PRODUCT_BUNDLE_IDENTIFIER = PGF.Beatbots;
				PRODUCT_NAME = "$(TARGET_NAME)";
				SWIFT_VERSION = 5.0;
				TARGETED_DEVICE_FAMILY = 3;
			};
			name = Release;
		};
/* End XCBuildConfiguration section */

/* Begin XCConfigurationList section */
		028AEFFD24AFA1BA00411179 /* Build configuration list for PBXProject "Beatbots" */ = {
			isa = XCConfigurationList;
			buildConfigurations = (
				028AF01224AFA1BD00411179 /* Debug */,
				028AF01324AFA1BD00411179 /* Release */,
			);
			defaultConfigurationIsVisible = 0;
			defaultConfigurationName = Release;
		};
		028AF01424AFA1BD00411179 /* Build configuration list for PBXNativeTarget "Beatbots" */ = {
			isa = XCConfigurationList;
			buildConfigurations = (
				028AF01524AFA1BD00411179 /* Debug */,
				028AF01624AFA1BD00411179 /* Release */,
			);
			defaultConfigurationIsVisible = 0;
			defaultConfigurationName = Release;
		};
/* End XCConfigurationList section */
	};
	rootObject = 028AEFFA24AFA1BA00411179 /* Project object */;
}
