// !$*UTF8*$!
{
	archiveVersion = 1;
	classes = {
	};
	objectVersion = 50;
	objects = {

/* Begin PBXBuildFile section */
		0203C3C324B90BB100CAEDE2 /* Characters.xcassets in Resources */ = {isa = PBXBuildFile; fileRef = 0203C3C224B90BB100CAEDE2 /* Characters.xcassets */; };
		0203C3C424B90BB700CAEDE2 /* Characters.xcassets in Resources */ = {isa = PBXBuildFile; fileRef = 0203C3C224B90BB100CAEDE2 /* Characters.xcassets */; };
		020B065224C74355008D7848 /* FrameNode.swift in Sources */ = {isa = PBXBuildFile; fileRef = 020B065124C74355008D7848 /* FrameNode.swift */; };
		020B065424C745D3008D7848 /* ThreadSafeController.swift in Sources */ = {isa = PBXBuildFile; fileRef = 020B065324C745D3008D7848 /* ThreadSafeController.swift */; };
		020B065624C78A13008D7848 /* PausedBehaviour.swift in Sources */ = {isa = PBXBuildFile; fileRef = 020B065524C78A13008D7848 /* PausedBehaviour.swift */; };
		020B065724C88C7B008D7848 /* FrameNode.swift in Sources */ = {isa = PBXBuildFile; fileRef = 020B065124C74355008D7848 /* FrameNode.swift */; };
		020E684C24C1F0A50075CCC8 /* 01melody.wav in Resources */ = {isa = PBXBuildFile; fileRef = 020E684824C1F0A40075CCC8 /* 01melody.wav */; };
		020E684D24C1F0A50075CCC8 /* 01rhythm.wav in Resources */ = {isa = PBXBuildFile; fileRef = 020E684924C1F0A40075CCC8 /* 01rhythm.wav */; };
		020E684E24C1F0A50075CCC8 /* 01background.wav in Resources */ = {isa = PBXBuildFile; fileRef = 020E684A24C1F0A50075CCC8 /* 01background.wav */; };
		020E684F24C1F0A50075CCC8 /* 01harmony.wav in Resources */ = {isa = PBXBuildFile; fileRef = 020E684B24C1F0A50075CCC8 /* 01harmony.wav */; };
		0237550724AFD76700089A16 /* Checkbox.swift in Sources */ = {isa = PBXBuildFile; fileRef = 0237550624AFD76700089A16 /* Checkbox.swift */; };
		0237550924B2B60500089A16 /* Character.swift in Sources */ = {isa = PBXBuildFile; fileRef = 0237550824B2B60500089A16 /* Character.swift */; };
		0237550D24B2B78900089A16 /* CID.swift in Sources */ = {isa = PBXBuildFile; fileRef = 0237550C24B2B78900089A16 /* CID.swift */; };
		0237550F24B2CCB300089A16 /* PlayersManager.swift in Sources */ = {isa = PBXBuildFile; fileRef = 0237550E24B2CCB300089A16 /* PlayersManager.swift */; };
		0237551324B2CCFA00089A16 /* MultipeerHandler.swift in Sources */ = {isa = PBXBuildFile; fileRef = 0237551224B2CCFA00089A16 /* MultipeerHandler.swift */; };
		0237551524B2CD1F00089A16 /* MultipeerController.swift in Sources */ = {isa = PBXBuildFile; fileRef = 0237551424B2CD1F00089A16 /* MultipeerController.swift */; };
		0237551724B2CD3A00089A16 /* GlobalProperties.swift in Sources */ = {isa = PBXBuildFile; fileRef = 0237551624B2CD3A00089A16 /* GlobalProperties.swift */; };
		024EC7ED24C0D0A10054DCAD /* StartMenuBehaviour.swift in Sources */ = {isa = PBXBuildFile; fileRef = 024EC7EC24C0D0A10054DCAD /* StartMenuBehaviour.swift */; };
		02514B9724C0D5F400CC058A /* loop.wav in Resources */ = {isa = PBXBuildFile; fileRef = 02514B9624C0D5F400CC058A /* loop.wav */; };
		02514B9924C0D7C000CC058A /* MusicFilePlayer.swift in Sources */ = {isa = PBXBuildFile; fileRef = 02514B9824C0D7C000CC058A /* MusicFilePlayer.swift */; };
		026C125124AFC1970069DF07 /* SegmentedControl.swift in Sources */ = {isa = PBXBuildFile; fileRef = 026C125024AFC1970069DF07 /* SegmentedControl.swift */; };
		026C125324AFC7FA0069DF07 /* RoundedCorners.swift in Sources */ = {isa = PBXBuildFile; fileRef = 026C125224AFC7FA0069DF07 /* RoundedCorners.swift */; };
		027BD91024B790EA000CCC35 /* AppDelegate.swift in Sources */ = {isa = PBXBuildFile; fileRef = 027BD90F24B790EA000CCC35 /* AppDelegate.swift */; };
		027BD91224B790EA000CCC35 /* SceneDelegate.swift in Sources */ = {isa = PBXBuildFile; fileRef = 027BD91124B790EA000CCC35 /* SceneDelegate.swift */; };
		027BD91424B790EA000CCC35 /* ContentView.swift in Sources */ = {isa = PBXBuildFile; fileRef = 027BD91324B790EA000CCC35 /* ContentView.swift */; };
		027BD91624B790F0000CCC35 /* Assets.xcassets in Resources */ = {isa = PBXBuildFile; fileRef = 027BD91524B790F0000CCC35 /* Assets.xcassets */; };
		027BD91924B790F0000CCC35 /* Preview Assets.xcassets in Resources */ = {isa = PBXBuildFile; fileRef = 027BD91824B790F0000CCC35 /* Preview Assets.xcassets */; };
		027BD91C24B790F0000CCC35 /* LaunchScreen.storyboard in Resources */ = {isa = PBXBuildFile; fileRef = 027BD91A24B790F0000CCC35 /* LaunchScreen.storyboard */; };
		027BD92124B79691000CCC35 /* Character.swift in Sources */ = {isa = PBXBuildFile; fileRef = 0237550824B2B60500089A16 /* Character.swift */; };
		027BD92224B79691000CCC35 /* CID.swift in Sources */ = {isa = PBXBuildFile; fileRef = 0237550C24B2B78900089A16 /* CID.swift */; };
		027BD92324B79691000CCC35 /* BiMO.swift in Sources */ = {isa = PBXBuildFile; fileRef = 02CA62A924B63B8B002F190D /* BiMO.swift */; };
		027BD92424B79691000CCC35 /* ROOT.swift in Sources */ = {isa = PBXBuildFile; fileRef = 02CA62AB24B63BA9002F190D /* ROOT.swift */; };
		027BD92524B79691000CCC35 /* GlobalProperties.swift in Sources */ = {isa = PBXBuildFile; fileRef = 0237551624B2CD3A00089A16 /* GlobalProperties.swift */; };
		027BD92624B79691000CCC35 /* MultipeerHandler.swift in Sources */ = {isa = PBXBuildFile; fileRef = 0237551224B2CCFA00089A16 /* MultipeerHandler.swift */; };
		027BD92724B79691000CCC35 /* MultipeerController.swift in Sources */ = {isa = PBXBuildFile; fileRef = 0237551424B2CD1F00089A16 /* MultipeerController.swift */; };
		027BD92924B796E9000CCC35 /* MultipeerManager.swift in Sources */ = {isa = PBXBuildFile; fileRef = 027BD92824B796E9000CCC35 /* MultipeerManager.swift */; };
		027BD92A24B79E93000CCC35 /* Command.swift in Sources */ = {isa = PBXBuildFile; fileRef = 02CA62AF24B671C1002F190D /* Command.swift */; };
		028AF00624AFA1BA00411179 /* AppDelegate.swift in Sources */ = {isa = PBXBuildFile; fileRef = 028AF00524AFA1BA00411179 /* AppDelegate.swift */; };
		028AF00824AFA1BA00411179 /* ContentView.swift in Sources */ = {isa = PBXBuildFile; fileRef = 028AF00724AFA1BA00411179 /* ContentView.swift */; };
		028AF00A24AFA1BD00411179 /* Assets.xcassets in Resources */ = {isa = PBXBuildFile; fileRef = 028AF00924AFA1BD00411179 /* Assets.xcassets */; };
		028AF00D24AFA1BD00411179 /* Preview Assets.xcassets in Resources */ = {isa = PBXBuildFile; fileRef = 028AF00C24AFA1BD00411179 /* Preview Assets.xcassets */; };
		028AF01024AFA1BD00411179 /* LaunchScreen.storyboard in Resources */ = {isa = PBXBuildFile; fileRef = 028AF00E24AFA1BD00411179 /* LaunchScreen.storyboard */; };
		028AF01B24AFAE6900411179 /* GameScene.swift in Sources */ = {isa = PBXBuildFile; fileRef = 028AF01A24AFAE6900411179 /* GameScene.swift */; };
		028AF01E24AFB43C00411179 /* Menu.swift in Sources */ = {isa = PBXBuildFile; fileRef = 028AF01D24AFB43C00411179 /* Menu.swift */; };
		028AF02024AFBC6200411179 /* StateController.swift in Sources */ = {isa = PBXBuildFile; fileRef = 028AF01F24AFBC6200411179 /* StateController.swift */; };
		028AF02224AFBC8B00411179 /* GameState.swift in Sources */ = {isa = PBXBuildFile; fileRef = 028AF02124AFBC8B00411179 /* GameState.swift */; };
		0292DA3F24CA577400A321BB /* CharacterButtonStyle.swift in Sources */ = {isa = PBXBuildFile; fileRef = 0292DA3E24CA577400A321BB /* CharacterButtonStyle.swift */; };
		0292DA4124CA663300A321BB /* ChoosingButton.swift in Sources */ = {isa = PBXBuildFile; fileRef = 0292DA4024CA663300A321BB /* ChoosingButton.swift */; };
		0292DA4324CA83A200A321BB /* TrapezeModifier.swift in Sources */ = {isa = PBXBuildFile; fileRef = 0292DA4224CA83A200A321BB /* TrapezeModifier.swift */; };
		029BDA5E24BE2CF50039188D /* NoteNode.swift in Sources */ = {isa = PBXBuildFile; fileRef = 029BDA5D24BE2CF50039188D /* NoteNode.swift */; };
		029BDA6024BE2DD70039188D /* NodePool.swift in Sources */ = {isa = PBXBuildFile; fileRef = 029BDA5F24BE2DD70039188D /* NodePool.swift */; };
		029BDA6224BE2E180039188D /* Pool.swift in Sources */ = {isa = PBXBuildFile; fileRef = 029BDA6124BE2E180039188D /* Pool.swift */; };
		029BDA6424BE31320039188D /* Notes.xcassets in Resources */ = {isa = PBXBuildFile; fileRef = 029BDA6324BE31320039188D /* Notes.xcassets */; };
		029BDA6F24BE519B0039188D /* PlayingBehaviour.swift in Sources */ = {isa = PBXBuildFile; fileRef = 029BDA6E24BE519B0039188D /* PlayingBehaviour.swift */; };
		029BDA7124BF7C160039188D /* NoteSpawner.swift in Sources */ = {isa = PBXBuildFile; fileRef = 029BDA7024BF7C160039188D /* NoteSpawner.swift */; };
		029BDA7424BF7D0F0039188D /* Music.swift in Sources */ = {isa = PBXBuildFile; fileRef = 029BDA7324BF7D0F0039188D /* Music.swift */; };
		029F791F24C6A0A4001D54ED /* GameOverBehaviour.swift in Sources */ = {isa = PBXBuildFile; fileRef = 029F791E24C6A0A4001D54ED /* GameOverBehaviour.swift */; };
		02AE329624CB6541001EBB4C /* Characters.xcassets in Resources */ = {isa = PBXBuildFile; fileRef = 02AE329524CB6541001EBB4C /* Characters.xcassets */; };
		02AE329824CB7268001EBB4C /* Assets.xcassets in Resources */ = {isa = PBXBuildFile; fileRef = 02AE329724CB7268001EBB4C /* Assets.xcassets */; };
		02B61A5A24C9C5DA00FE12DB /* Backgrounds.xcassets in Resources */ = {isa = PBXBuildFile; fileRef = 02B61A5924C9C5DA00FE12DB /* Backgrounds.xcassets */; };
		02B61A5C24C9C64600FE12DB /* ChoosingBehaviour.swift in Sources */ = {isa = PBXBuildFile; fileRef = 02B61A5B24C9C64600FE12DB /* ChoosingBehaviour.swift */; };
		02BE472524B2D29D00A74008 /* Player.swift in Sources */ = {isa = PBXBuildFile; fileRef = 02BE472424B2D29D00A74008 /* Player.swift */; };
		02C4809424CF484200E82A45 /* Assets.xcassets in Resources */ = {isa = PBXBuildFile; fileRef = 02AE329724CB7268001EBB4C /* Assets.xcassets */; };
		02C9F30624C005FF006F7CBC /* ControllerScene.swift in Sources */ = {isa = PBXBuildFile; fileRef = 02C9F30524C005FF006F7CBC /* ControllerScene.swift */; };
		02C9F30924C00662006F7CBC /* PlayerState.swift in Sources */ = {isa = PBXBuildFile; fileRef = 02C9F30824C00662006F7CBC /* PlayerState.swift */; };
		02C9F30B24C0066A006F7CBC /* ConnectionStatus.swift in Sources */ = {isa = PBXBuildFile; fileRef = 02C9F30A24C0066A006F7CBC /* ConnectionStatus.swift */; };
		02CA62AA24B63B8B002F190D /* BiMO.swift in Sources */ = {isa = PBXBuildFile; fileRef = 02CA62A924B63B8B002F190D /* BiMO.swift */; };
		02CA62AC24B63BA9002F190D /* ROOT.swift in Sources */ = {isa = PBXBuildFile; fileRef = 02CA62AB24B63BA9002F190D /* ROOT.swift */; };
		02CA62AE24B66083002F190D /* CGPointExtension.swift in Sources */ = {isa = PBXBuildFile; fileRef = 02CA62AD24B66083002F190D /* CGPointExtension.swift */; };
		02CA62B024B671C1002F190D /* Command.swift in Sources */ = {isa = PBXBuildFile; fileRef = 02CA62AF24B671C1002F190D /* Command.swift */; };
		02EDE35224C00AEB00CB8059 /* SceneView.swift in Sources */ = {isa = PBXBuildFile; fileRef = 02EDE35124C00AEB00CB8059 /* SceneView.swift */; };
		02EDE35324C00AF500CB8059 /* SceneView.swift in Sources */ = {isa = PBXBuildFile; fileRef = 02EDE35124C00AEB00CB8059 /* SceneView.swift */; };
		02EDE35524C00CF200CB8059 /* ChoosingBehaviour.swift in Sources */ = {isa = PBXBuildFile; fileRef = 02EDE35424C00CF200CB8059 /* ChoosingBehaviour.swift */; };
		02EDE35724C00D0000CB8059 /* ConfirmedBehaviour.swift in Sources */ = {isa = PBXBuildFile; fileRef = 02EDE35624C00D0000CB8059 /* ConfirmedBehaviour.swift */; };
		02EDE35924C00D0A00CB8059 /* PlayingBehaviour.swift in Sources */ = {isa = PBXBuildFile; fileRef = 02EDE35824C00D0A00CB8059 /* PlayingBehaviour.swift */; };
		02EDE35A24C0104D00CB8059 /* CGPointExtension.swift in Sources */ = {isa = PBXBuildFile; fileRef = 02CA62AD24B66083002F190D /* CGPointExtension.swift */; };
		02EDE35C24C0A3EB00CB8059 /* WaitingConnectionBehaviour.swift in Sources */ = {isa = PBXBuildFile; fileRef = 02EDE35B24C0A3EB00CB8059 /* WaitingConnectionBehaviour.swift */; };
/* End PBXBuildFile section */

/* Begin PBXFileReference section */
		0203C3C224B90BB100CAEDE2 /* Characters.xcassets */ = {isa = PBXFileReference; lastKnownFileType = folder.assetcatalog; path = Characters.xcassets; sourceTree = "<group>"; };
		020B065124C74355008D7848 /* FrameNode.swift */ = {isa = PBXFileReference; lastKnownFileType = sourcecode.swift; path = FrameNode.swift; sourceTree = "<group>"; };
		020B065324C745D3008D7848 /* ThreadSafeController.swift */ = {isa = PBXFileReference; lastKnownFileType = sourcecode.swift; path = ThreadSafeController.swift; sourceTree = "<group>"; };
		020B065524C78A13008D7848 /* PausedBehaviour.swift */ = {isa = PBXFileReference; lastKnownFileType = sourcecode.swift; path = PausedBehaviour.swift; sourceTree = "<group>"; };
		020E684824C1F0A40075CCC8 /* 01melody.wav */ = {isa = PBXFileReference; lastKnownFileType = audio.wav; path = 01melody.wav; sourceTree = "<group>"; };
		020E684924C1F0A40075CCC8 /* 01rhythm.wav */ = {isa = PBXFileReference; lastKnownFileType = audio.wav; path = 01rhythm.wav; sourceTree = "<group>"; };
		020E684A24C1F0A50075CCC8 /* 01background.wav */ = {isa = PBXFileReference; lastKnownFileType = audio.wav; path = 01background.wav; sourceTree = "<group>"; };
		020E684B24C1F0A50075CCC8 /* 01harmony.wav */ = {isa = PBXFileReference; lastKnownFileType = audio.wav; path = 01harmony.wav; sourceTree = "<group>"; };
		0237550624AFD76700089A16 /* Checkbox.swift */ = {isa = PBXFileReference; lastKnownFileType = sourcecode.swift; path = Checkbox.swift; sourceTree = "<group>"; };
		0237550824B2B60500089A16 /* Character.swift */ = {isa = PBXFileReference; lastKnownFileType = sourcecode.swift; path = Character.swift; sourceTree = "<group>"; };
		0237550C24B2B78900089A16 /* CID.swift */ = {isa = PBXFileReference; lastKnownFileType = sourcecode.swift; path = CID.swift; sourceTree = "<group>"; };
		0237550E24B2CCB300089A16 /* PlayersManager.swift */ = {isa = PBXFileReference; lastKnownFileType = sourcecode.swift; path = PlayersManager.swift; sourceTree = "<group>"; };
		0237551224B2CCFA00089A16 /* MultipeerHandler.swift */ = {isa = PBXFileReference; lastKnownFileType = sourcecode.swift; path = MultipeerHandler.swift; sourceTree = "<group>"; };
		0237551424B2CD1F00089A16 /* MultipeerController.swift */ = {isa = PBXFileReference; lastKnownFileType = sourcecode.swift; path = MultipeerController.swift; sourceTree = "<group>"; };
		0237551624B2CD3A00089A16 /* GlobalProperties.swift */ = {isa = PBXFileReference; lastKnownFileType = sourcecode.swift; path = GlobalProperties.swift; sourceTree = "<group>"; };
		024EC7EC24C0D0A10054DCAD /* StartMenuBehaviour.swift */ = {isa = PBXFileReference; lastKnownFileType = sourcecode.swift; path = StartMenuBehaviour.swift; sourceTree = "<group>"; };
		02514B9624C0D5F400CC058A /* loop.wav */ = {isa = PBXFileReference; lastKnownFileType = audio.wav; path = loop.wav; sourceTree = "<group>"; };
		02514B9824C0D7C000CC058A /* MusicFilePlayer.swift */ = {isa = PBXFileReference; lastKnownFileType = sourcecode.swift; path = MusicFilePlayer.swift; sourceTree = "<group>"; };
		026C125024AFC1970069DF07 /* SegmentedControl.swift */ = {isa = PBXFileReference; lastKnownFileType = sourcecode.swift; path = SegmentedControl.swift; sourceTree = "<group>"; };
		026C125224AFC7FA0069DF07 /* RoundedCorners.swift */ = {isa = PBXFileReference; lastKnownFileType = sourcecode.swift; path = RoundedCorners.swift; sourceTree = "<group>"; };
		027BD90D24B790EA000CCC35 /* Beatbots.app */ = {isa = PBXFileReference; explicitFileType = wrapper.application; includeInIndex = 0; path = Beatbots.app; sourceTree = BUILT_PRODUCTS_DIR; };
		027BD90F24B790EA000CCC35 /* AppDelegate.swift */ = {isa = PBXFileReference; lastKnownFileType = sourcecode.swift; path = AppDelegate.swift; sourceTree = "<group>"; };
		027BD91124B790EA000CCC35 /* SceneDelegate.swift */ = {isa = PBXFileReference; lastKnownFileType = sourcecode.swift; path = SceneDelegate.swift; sourceTree = "<group>"; };
		027BD91324B790EA000CCC35 /* ContentView.swift */ = {isa = PBXFileReference; lastKnownFileType = sourcecode.swift; path = ContentView.swift; sourceTree = "<group>"; };
		027BD91524B790F0000CCC35 /* Assets.xcassets */ = {isa = PBXFileReference; lastKnownFileType = folder.assetcatalog; path = Assets.xcassets; sourceTree = "<group>"; };
		027BD91824B790F0000CCC35 /* Preview Assets.xcassets */ = {isa = PBXFileReference; lastKnownFileType = folder.assetcatalog; path = "Preview Assets.xcassets"; sourceTree = "<group>"; };
		027BD91B24B790F0000CCC35 /* Base */ = {isa = PBXFileReference; lastKnownFileType = file.storyboard; name = Base; path = Base.lproj/LaunchScreen.storyboard; sourceTree = "<group>"; };
		027BD91D24B790F0000CCC35 /* Info.plist */ = {isa = PBXFileReference; lastKnownFileType = text.plist.xml; path = Info.plist; sourceTree = "<group>"; };
		027BD92824B796E9000CCC35 /* MultipeerManager.swift */ = {isa = PBXFileReference; lastKnownFileType = sourcecode.swift; path = MultipeerManager.swift; sourceTree = "<group>"; };
		028AF00224AFA1BA00411179 /* Beatbots.app */ = {isa = PBXFileReference; explicitFileType = wrapper.application; includeInIndex = 0; path = Beatbots.app; sourceTree = BUILT_PRODUCTS_DIR; };
		028AF00524AFA1BA00411179 /* AppDelegate.swift */ = {isa = PBXFileReference; lastKnownFileType = sourcecode.swift; path = AppDelegate.swift; sourceTree = "<group>"; };
		028AF00724AFA1BA00411179 /* ContentView.swift */ = {isa = PBXFileReference; lastKnownFileType = sourcecode.swift; path = ContentView.swift; sourceTree = "<group>"; };
		028AF00924AFA1BD00411179 /* Assets.xcassets */ = {isa = PBXFileReference; lastKnownFileType = folder.assetcatalog; path = Assets.xcassets; sourceTree = "<group>"; };
		028AF00C24AFA1BD00411179 /* Preview Assets.xcassets */ = {isa = PBXFileReference; lastKnownFileType = folder.assetcatalog; path = "Preview Assets.xcassets"; sourceTree = "<group>"; };
		028AF00F24AFA1BD00411179 /* Base */ = {isa = PBXFileReference; lastKnownFileType = file.storyboard; name = Base; path = Base.lproj/LaunchScreen.storyboard; sourceTree = "<group>"; };
		028AF01124AFA1BD00411179 /* Info.plist */ = {isa = PBXFileReference; lastKnownFileType = text.plist.xml; path = Info.plist; sourceTree = "<group>"; };
		028AF01A24AFAE6900411179 /* GameScene.swift */ = {isa = PBXFileReference; lastKnownFileType = sourcecode.swift; path = GameScene.swift; sourceTree = "<group>"; };
		028AF01D24AFB43C00411179 /* Menu.swift */ = {isa = PBXFileReference; lastKnownFileType = sourcecode.swift; path = Menu.swift; sourceTree = "<group>"; };
		028AF01F24AFBC6200411179 /* StateController.swift */ = {isa = PBXFileReference; lastKnownFileType = sourcecode.swift; path = StateController.swift; sourceTree = "<group>"; };
		028AF02124AFBC8B00411179 /* GameState.swift */ = {isa = PBXFileReference; lastKnownFileType = sourcecode.swift; path = GameState.swift; sourceTree = "<group>"; };
		0292DA3E24CA577400A321BB /* CharacterButtonStyle.swift */ = {isa = PBXFileReference; lastKnownFileType = sourcecode.swift; path = CharacterButtonStyle.swift; sourceTree = "<group>"; };
		0292DA4024CA663300A321BB /* ChoosingButton.swift */ = {isa = PBXFileReference; lastKnownFileType = sourcecode.swift; path = ChoosingButton.swift; sourceTree = "<group>"; };
		0292DA4224CA83A200A321BB /* TrapezeModifier.swift */ = {isa = PBXFileReference; lastKnownFileType = sourcecode.swift; path = TrapezeModifier.swift; sourceTree = "<group>"; };
		029BDA5D24BE2CF50039188D /* NoteNode.swift */ = {isa = PBXFileReference; lastKnownFileType = sourcecode.swift; path = NoteNode.swift; sourceTree = "<group>"; };
		029BDA5F24BE2DD70039188D /* NodePool.swift */ = {isa = PBXFileReference; lastKnownFileType = sourcecode.swift; path = NodePool.swift; sourceTree = "<group>"; };
		029BDA6124BE2E180039188D /* Pool.swift */ = {isa = PBXFileReference; lastKnownFileType = sourcecode.swift; path = Pool.swift; sourceTree = "<group>"; };
		029BDA6324BE31320039188D /* Notes.xcassets */ = {isa = PBXFileReference; lastKnownFileType = folder.assetcatalog; path = Notes.xcassets; sourceTree = "<group>"; };
		029BDA6E24BE519B0039188D /* PlayingBehaviour.swift */ = {isa = PBXFileReference; lastKnownFileType = sourcecode.swift; path = PlayingBehaviour.swift; sourceTree = "<group>"; };
		029BDA7024BF7C160039188D /* NoteSpawner.swift */ = {isa = PBXFileReference; lastKnownFileType = sourcecode.swift; path = NoteSpawner.swift; sourceTree = "<group>"; };
		029BDA7324BF7D0F0039188D /* Music.swift */ = {isa = PBXFileReference; lastKnownFileType = sourcecode.swift; path = Music.swift; sourceTree = "<group>"; };
		029F791E24C6A0A4001D54ED /* GameOverBehaviour.swift */ = {isa = PBXFileReference; lastKnownFileType = sourcecode.swift; path = GameOverBehaviour.swift; sourceTree = "<group>"; };
		02AE329524CB6541001EBB4C /* Characters.xcassets */ = {isa = PBXFileReference; lastKnownFileType = folder.assetcatalog; path = Characters.xcassets; sourceTree = "<group>"; };
		02AE329724CB7268001EBB4C /* Assets.xcassets */ = {isa = PBXFileReference; lastKnownFileType = folder.assetcatalog; path = Assets.xcassets; sourceTree = "<group>"; };
		02B61A5924C9C5DA00FE12DB /* Backgrounds.xcassets */ = {isa = PBXFileReference; lastKnownFileType = folder.assetcatalog; path = Backgrounds.xcassets; sourceTree = "<group>"; };
		02B61A5B24C9C64600FE12DB /* ChoosingBehaviour.swift */ = {isa = PBXFileReference; lastKnownFileType = sourcecode.swift; path = ChoosingBehaviour.swift; sourceTree = "<group>"; };
		02BE472424B2D29D00A74008 /* Player.swift */ = {isa = PBXFileReference; lastKnownFileType = sourcecode.swift; path = Player.swift; sourceTree = "<group>"; };
		02C9F30524C005FF006F7CBC /* ControllerScene.swift */ = {isa = PBXFileReference; lastKnownFileType = sourcecode.swift; path = ControllerScene.swift; sourceTree = "<group>"; };
		02C9F30824C00662006F7CBC /* PlayerState.swift */ = {isa = PBXFileReference; lastKnownFileType = sourcecode.swift; path = PlayerState.swift; sourceTree = "<group>"; };
		02C9F30A24C0066A006F7CBC /* ConnectionStatus.swift */ = {isa = PBXFileReference; lastKnownFileType = sourcecode.swift; path = ConnectionStatus.swift; sourceTree = "<group>"; };
		02CA62A924B63B8B002F190D /* BiMO.swift */ = {isa = PBXFileReference; lastKnownFileType = sourcecode.swift; path = BiMO.swift; sourceTree = "<group>"; };
		02CA62AB24B63BA9002F190D /* ROOT.swift */ = {isa = PBXFileReference; lastKnownFileType = sourcecode.swift; path = ROOT.swift; sourceTree = "<group>"; };
		02CA62AD24B66083002F190D /* CGPointExtension.swift */ = {isa = PBXFileReference; lastKnownFileType = sourcecode.swift; path = CGPointExtension.swift; sourceTree = "<group>"; };
		02CA62AF24B671C1002F190D /* Command.swift */ = {isa = PBXFileReference; lastKnownFileType = sourcecode.swift; path = Command.swift; sourceTree = "<group>"; };
		02EDE35124C00AEB00CB8059 /* SceneView.swift */ = {isa = PBXFileReference; lastKnownFileType = sourcecode.swift; path = SceneView.swift; sourceTree = "<group>"; };
		02EDE35424C00CF200CB8059 /* ChoosingBehaviour.swift */ = {isa = PBXFileReference; lastKnownFileType = sourcecode.swift; path = ChoosingBehaviour.swift; sourceTree = "<group>"; };
		02EDE35624C00D0000CB8059 /* ConfirmedBehaviour.swift */ = {isa = PBXFileReference; lastKnownFileType = sourcecode.swift; path = ConfirmedBehaviour.swift; sourceTree = "<group>"; };
		02EDE35824C00D0A00CB8059 /* PlayingBehaviour.swift */ = {isa = PBXFileReference; lastKnownFileType = sourcecode.swift; path = PlayingBehaviour.swift; sourceTree = "<group>"; };
		02EDE35B24C0A3EB00CB8059 /* WaitingConnectionBehaviour.swift */ = {isa = PBXFileReference; lastKnownFileType = sourcecode.swift; path = WaitingConnectionBehaviour.swift; sourceTree = "<group>"; };
/* End PBXFileReference section */

/* Begin PBXFrameworksBuildPhase section */
		027BD90A24B790EA000CCC35 /* Frameworks */ = {
			isa = PBXFrameworksBuildPhase;
			buildActionMask = 2147483647;
			files = (
			);
			runOnlyForDeploymentPostprocessing = 0;
		};
		028AEFFF24AFA1BA00411179 /* Frameworks */ = {
			isa = PBXFrameworksBuildPhase;
			buildActionMask = 2147483647;
			files = (
			);
			runOnlyForDeploymentPostprocessing = 0;
		};
/* End PBXFrameworksBuildPhase section */

/* Begin PBXGroup section */
		020E683F24C1F03A0075CCC8 /* Music 1 */ = {
			isa = PBXGroup;
			children = (
				020E684A24C1F0A50075CCC8 /* 01background.wav */,
				020E684B24C1F0A50075CCC8 /* 01harmony.wav */,
				020E684824C1F0A40075CCC8 /* 01melody.wav */,
				020E684924C1F0A40075CCC8 /* 01rhythm.wav */,
			);
			path = "Music 1";
			sourceTree = "<group>";
		};
		0237550B24B2B63900089A16 /* Characters */ = {
			isa = PBXGroup;
			children = (
				020B065124C74355008D7848 /* FrameNode.swift */,
				0237550824B2B60500089A16 /* Character.swift */,
				0237550C24B2B78900089A16 /* CID.swift */,
				02CA62A924B63B8B002F190D /* BiMO.swift */,
				02CA62AB24B63BA9002F190D /* ROOT.swift */,
			);
			path = Characters;
			sourceTree = "<group>";
		};
		0237551124B2CCDC00089A16 /* Shared */ = {
			isa = PBXGroup;
			children = (
				02AE329724CB7268001EBB4C /* Assets.xcassets */,
				02CA62AD24B66083002F190D /* CGPointExtension.swift */,
				02CA62AF24B671C1002F190D /* Command.swift */,
				0237550B24B2B63900089A16 /* Characters */,
				0237551624B2CD3A00089A16 /* GlobalProperties.swift */,
				0237551224B2CCFA00089A16 /* MultipeerHandler.swift */,
				0237551424B2CD1F00089A16 /* MultipeerController.swift */,
				02EDE35124C00AEB00CB8059 /* SceneView.swift */,
			);
			path = Shared;
			sourceTree = "<group>";
		};
		02514B9524C0D5DF00CC058A /* Files */ = {
			isa = PBXGroup;
			children = (
				020E683F24C1F03A0075CCC8 /* Music 1 */,
				02514B9824C0D7C000CC058A /* MusicFilePlayer.swift */,
				02514B9624C0D5F400CC058A /* loop.wav */,
			);
			path = Files;
			sourceTree = "<group>";
		};
		027BD90E24B790EA000CCC35 /* Beatbots Controller */ = {
			isa = PBXGroup;
			children = (
				02C9F30C24C0090C006F7CBC /* Model */,
				02C9F30E24C00926006F7CBC /* Controller */,
				02C9F30F24C0092B006F7CBC /* View */,
				027BD90F24B790EA000CCC35 /* AppDelegate.swift */,
				027BD91124B790EA000CCC35 /* SceneDelegate.swift */,
				027BD91524B790F0000CCC35 /* Assets.xcassets */,
				027BD91A24B790F0000CCC35 /* LaunchScreen.storyboard */,
				027BD91D24B790F0000CCC35 /* Info.plist */,
				027BD91724B790F0000CCC35 /* Preview Content */,
			);
			path = "Beatbots Controller";
			sourceTree = "<group>";
		};
		027BD91724B790F0000CCC35 /* Preview Content */ = {
			isa = PBXGroup;
			children = (
				027BD91824B790F0000CCC35 /* Preview Assets.xcassets */,
			);
			path = "Preview Content";
			sourceTree = "<group>";
		};
		028AEFF924AFA1BA00411179 = {
			isa = PBXGroup;
			children = (
				0237551124B2CCDC00089A16 /* Shared */,
				028AF00424AFA1BA00411179 /* Beatbots */,
				027BD90E24B790EA000CCC35 /* Beatbots Controller */,
				028AF00324AFA1BA00411179 /* Products */,
			);
			sourceTree = "<group>";
		};
		028AF00324AFA1BA00411179 /* Products */ = {
			isa = PBXGroup;
			children = (
				028AF00224AFA1BA00411179 /* Beatbots.app */,
				027BD90D24B790EA000CCC35 /* Beatbots.app */,
			);
			name = Products;
			sourceTree = "<group>";
		};
		028AF00424AFA1BA00411179 /* Beatbots */ = {
			isa = PBXGroup;
			children = (
				029BDA6524BE4F9B0039188D /* Model */,
				029BDA6924BE50B00039188D /* Controller */,
				029BDA6A24BE50B60039188D /* View */,
				028AF00524AFA1BA00411179 /* AppDelegate.swift */,
				028AF00924AFA1BD00411179 /* Assets.xcassets */,
				028AF00E24AFA1BD00411179 /* LaunchScreen.storyboard */,
				028AF01124AFA1BD00411179 /* Info.plist */,
				028AF00B24AFA1BD00411179 /* Preview Content */,
			);
			path = Beatbots;
			sourceTree = "<group>";
		};
		028AF00B24AFA1BD00411179 /* Preview Content */ = {
			isa = PBXGroup;
			children = (
				028AF00C24AFA1BD00411179 /* Preview Assets.xcassets */,
			);
			path = "Preview Content";
			sourceTree = "<group>";
		};
		029BDA6524BE4F9B0039188D /* Model */ = {
			isa = PBXGroup;
			children = (
				029BDA6624BE50670039188D /* Game State */,
				029BDA6824BE508E0039188D /* Player Management */,
				029BDA6724BE50760039188D /* Pool */,
				029BDA7224BF7CFC0039188D /* Music */,
			);
			path = Model;
			sourceTree = "<group>";
		};
		029BDA6624BE50670039188D /* Game State */ = {
			isa = PBXGroup;
			children = (
				028AF02124AFBC8B00411179 /* GameState.swift */,
				028AF01F24AFBC6200411179 /* StateController.swift */,
			);
			path = "Game State";
			sourceTree = "<group>";
		};
		029BDA6724BE50760039188D /* Pool */ = {
			isa = PBXGroup;
			children = (
				029BDA5F24BE2DD70039188D /* NodePool.swift */,
				029BDA6124BE2E180039188D /* Pool.swift */,
			);
			path = Pool;
			sourceTree = "<group>";
		};
		029BDA6824BE508E0039188D /* Player Management */ = {
			isa = PBXGroup;
			children = (
				02BE472424B2D29D00A74008 /* Player.swift */,
				0237550E24B2CCB300089A16 /* PlayersManager.swift */,
			);
			path = "Player Management";
			sourceTree = "<group>";
		};
		029BDA6924BE50B00039188D /* Controller */ = {
			isa = PBXGroup;
			children = (
				028AF01A24AFAE6900411179 /* GameScene.swift */,
				024EC7EC24C0D0A10054DCAD /* StartMenuBehaviour.swift */,
				02B61A5B24C9C64600FE12DB /* ChoosingBehaviour.swift */,
				029BDA6E24BE519B0039188D /* PlayingBehaviour.swift */,
				020B065524C78A13008D7848 /* PausedBehaviour.swift */,
				029F791E24C6A0A4001D54ED /* GameOverBehaviour.swift */,
			);
			path = Controller;
			sourceTree = "<group>";
		};
		029BDA6A24BE50B60039188D /* View */ = {
			isa = PBXGroup;
			children = (
				029BDA6C24BE50FD0039188D /* ViewModel */,
				029BDA6B24BE50DA0039188D /* SpriteKit */,
			);
			path = View;
			sourceTree = "<group>";
		};
		029BDA6B24BE50DA0039188D /* SpriteKit */ = {
			isa = PBXGroup;
			children = (
				02AE329524CB6541001EBB4C /* Characters.xcassets */,
				02B61A5924C9C5DA00FE12DB /* Backgrounds.xcassets */,
				029BDA6324BE31320039188D /* Notes.xcassets */,
				029BDA5D24BE2CF50039188D /* NoteNode.swift */,
			);
			path = SpriteKit;
			sourceTree = "<group>";
		};
		029BDA6C24BE50FD0039188D /* ViewModel */ = {
			isa = PBXGroup;
			children = (
				029BDA6D24BE510E0039188D /* Components */,
				028AF00724AFA1BA00411179 /* ContentView.swift */,
				028AF01D24AFB43C00411179 /* Menu.swift */,
			);
			path = ViewModel;
			sourceTree = "<group>";
		};
		029BDA6D24BE510E0039188D /* Components */ = {
			isa = PBXGroup;
			children = (
				026C125224AFC7FA0069DF07 /* RoundedCorners.swift */,
				026C125024AFC1970069DF07 /* SegmentedControl.swift */,
				0237550624AFD76700089A16 /* Checkbox.swift */,
				0292DA3E24CA577400A321BB /* CharacterButtonStyle.swift */,
				0292DA4024CA663300A321BB /* ChoosingButton.swift */,
				0292DA4224CA83A200A321BB /* TrapezeModifier.swift */,
			);
			path = Components;
			sourceTree = "<group>";
		};
		029BDA7224BF7CFC0039188D /* Music */ = {
			isa = PBXGroup;
			children = (
				02514B9524C0D5DF00CC058A /* Files */,
				029BDA7324BF7D0F0039188D /* Music.swift */,
				029BDA7024BF7C160039188D /* NoteSpawner.swift */,
			);
			path = Music;
			sourceTree = "<group>";
		};
		02C9F30C24C0090C006F7CBC /* Model */ = {
			isa = PBXGroup;
			children = (
				02C9F30D24C00914006F7CBC /* States */,
				027BD92824B796E9000CCC35 /* MultipeerManager.swift */,
			);
			path = Model;
			sourceTree = "<group>";
		};
		02C9F30D24C00914006F7CBC /* States */ = {
			isa = PBXGroup;
			children = (
				02C9F30824C00662006F7CBC /* PlayerState.swift */,
				02C9F30A24C0066A006F7CBC /* ConnectionStatus.swift */,
			);
			path = States;
			sourceTree = "<group>";
		};
		02C9F30E24C00926006F7CBC /* Controller */ = {
			isa = PBXGroup;
			children = (
				020B065324C745D3008D7848 /* ThreadSafeController.swift */,
				02C9F30524C005FF006F7CBC /* ControllerScene.swift */,
				02EDE35B24C0A3EB00CB8059 /* WaitingConnectionBehaviour.swift */,
				02EDE35424C00CF200CB8059 /* ChoosingBehaviour.swift */,
				02EDE35624C00D0000CB8059 /* ConfirmedBehaviour.swift */,
				02EDE35824C00D0A00CB8059 /* PlayingBehaviour.swift */,
			);
			path = Controller;
			sourceTree = "<group>";
		};
		02C9F30F24C0092B006F7CBC /* View */ = {
			isa = PBXGroup;
			children = (
				0203C3C224B90BB100CAEDE2 /* Characters.xcassets */,
				027BD91324B790EA000CCC35 /* ContentView.swift */,
			);
			path = View;
			sourceTree = "<group>";
		};
/* End PBXGroup section */

/* Begin PBXNativeTarget section */
		027BD90C24B790EA000CCC35 /* Beatbots Controller */ = {
			isa = PBXNativeTarget;
			buildConfigurationList = 027BD92024B790F0000CCC35 /* Build configuration list for PBXNativeTarget "Beatbots Controller" */;
			buildPhases = (
				027BD90924B790EA000CCC35 /* Sources */,
				027BD90A24B790EA000CCC35 /* Frameworks */,
				027BD90B24B790EA000CCC35 /* Resources */,
			);
			buildRules = (
			);
			dependencies = (
			);
			name = "Beatbots Controller";
			productName = "Beatbots Controller";
			productReference = 027BD90D24B790EA000CCC35 /* Beatbots.app */;
			productType = "com.apple.product-type.application";
		};
		028AF00124AFA1BA00411179 /* Beatbots */ = {
			isa = PBXNativeTarget;
			buildConfigurationList = 028AF01424AFA1BD00411179 /* Build configuration list for PBXNativeTarget "Beatbots" */;
			buildPhases = (
				028AEFFE24AFA1BA00411179 /* Sources */,
				028AEFFF24AFA1BA00411179 /* Frameworks */,
				028AF00024AFA1BA00411179 /* Resources */,
			);
			buildRules = (
			);
			dependencies = (
			);
			name = Beatbots;
			productName = Beatbots;
			productReference = 028AF00224AFA1BA00411179 /* Beatbots.app */;
			productType = "com.apple.product-type.application";
		};
/* End PBXNativeTarget section */

/* Begin PBXProject section */
		028AEFFA24AFA1BA00411179 /* Project object */ = {
			isa = PBXProject;
			attributes = {
				LastSwiftUpdateCheck = 1150;
				LastUpgradeCheck = 1150;
				ORGANIZATIONNAME = "Pedro Giuliano Farina";
				TargetAttributes = {
					027BD90C24B790EA000CCC35 = {
						CreatedOnToolsVersion = 11.5;
					};
					028AF00124AFA1BA00411179 = {
						CreatedOnToolsVersion = 11.5;
					};
				};
			};
			buildConfigurationList = 028AEFFD24AFA1BA00411179 /* Build configuration list for PBXProject "Beatbots" */;
			compatibilityVersion = "Xcode 9.3";
			developmentRegion = en;
			hasScannedForEncodings = 0;
			knownRegions = (
				en,
				Base,
			);
			mainGroup = 028AEFF924AFA1BA00411179;
			productRefGroup = 028AF00324AFA1BA00411179 /* Products */;
			projectDirPath = "";
			projectRoot = "";
			targets = (
				028AF00124AFA1BA00411179 /* Beatbots */,
				027BD90C24B790EA000CCC35 /* Beatbots Controller */,
			);
		};
/* End PBXProject section */

/* Begin PBXResourcesBuildPhase section */
		027BD90B24B790EA000CCC35 /* Resources */ = {
			isa = PBXResourcesBuildPhase;
			buildActionMask = 2147483647;
			files = (
				027BD91C24B790F0000CCC35 /* LaunchScreen.storyboard in Resources */,
				027BD91924B790F0000CCC35 /* Preview Assets.xcassets in Resources */,
				027BD91624B790F0000CCC35 /* Assets.xcassets in Resources */,
				0203C3C424B90BB700CAEDE2 /* Characters.xcassets in Resources */,
				02C4809424CF484200E82A45 /* Assets.xcassets in Resources */,
			);
			runOnlyForDeploymentPostprocessing = 0;
		};
		028AF00024AFA1BA00411179 /* Resources */ = {
			isa = PBXResourcesBuildPhase;
			buildActionMask = 2147483647;
			files = (
				02514B9724C0D5F400CC058A /* loop.wav in Resources */,
				029BDA6424BE31320039188D /* Notes.xcassets in Resources */,
				028AF01024AFA1BD00411179 /* LaunchScreen.storyboard in Resources */,
				028AF00D24AFA1BD00411179 /* Preview Assets.xcassets in Resources */,
				028AF00A24AFA1BD00411179 /* Assets.xcassets in Resources */,
				020E684D24C1F0A50075CCC8 /* 01rhythm.wav in Resources */,
				0203C3C324B90BB100CAEDE2 /* Characters.xcassets in Resources */,
				02B61A5A24C9C5DA00FE12DB /* Backgrounds.xcassets in Resources */,
				020E684E24C1F0A50075CCC8 /* 01background.wav in Resources */,
				02AE329824CB7268001EBB4C /* Assets.xcassets in Resources */,
				020E684F24C1F0A50075CCC8 /* 01harmony.wav in Resources */,
				020E684C24C1F0A50075CCC8 /* 01melody.wav in Resources */,
				02AE329624CB6541001EBB4C /* Characters.xcassets in Resources */,
			);
			runOnlyForDeploymentPostprocessing = 0;
		};
/* End PBXResourcesBuildPhase section */

/* Begin PBXSourcesBuildPhase section */
		027BD90924B790EA000CCC35 /* Sources */ = {
			isa = PBXSourcesBuildPhase;
			buildActionMask = 2147483647;
			files = (
				027BD92324B79691000CCC35 /* BiMO.swift in Sources */,
				02C9F30924C00662006F7CBC /* PlayerState.swift in Sources */,
				027BD91024B790EA000CCC35 /* AppDelegate.swift in Sources */,
				02EDE35324C00AF500CB8059 /* SceneView.swift in Sources */,
				02C9F30624C005FF006F7CBC /* ControllerScene.swift in Sources */,
				027BD91224B790EA000CCC35 /* SceneDelegate.swift in Sources */,
				02EDE35924C00D0A00CB8059 /* PlayingBehaviour.swift in Sources */,
				020B065224C74355008D7848 /* FrameNode.swift in Sources */,
				027BD92224B79691000CCC35 /* CID.swift in Sources */,
				027BD91424B790EA000CCC35 /* ContentView.swift in Sources */,
				02EDE35C24C0A3EB00CB8059 /* WaitingConnectionBehaviour.swift in Sources */,
				02EDE35A24C0104D00CB8059 /* CGPointExtension.swift in Sources */,
				027BD92724B79691000CCC35 /* MultipeerController.swift in Sources */,
				020B065424C745D3008D7848 /* ThreadSafeController.swift in Sources */,
				027BD92424B79691000CCC35 /* ROOT.swift in Sources */,
				027BD92124B79691000CCC35 /* Character.swift in Sources */,
				027BD92924B796E9000CCC35 /* MultipeerManager.swift in Sources */,
				027BD92524B79691000CCC35 /* GlobalProperties.swift in Sources */,
				027BD92624B79691000CCC35 /* MultipeerHandler.swift in Sources */,
				02EDE35724C00D0000CB8059 /* ConfirmedBehaviour.swift in Sources */,
				027BD92A24B79E93000CCC35 /* Command.swift in Sources */,
				02C9F30B24C0066A006F7CBC /* ConnectionStatus.swift in Sources */,
				02EDE35524C00CF200CB8059 /* ChoosingBehaviour.swift in Sources */,
			);
			runOnlyForDeploymentPostprocessing = 0;
		};
		028AEFFE24AFA1BA00411179 /* Sources */ = {
			isa = PBXSourcesBuildPhase;
			buildActionMask = 2147483647;
			files = (
				028AF02224AFBC8B00411179 /* GameState.swift in Sources */,
				029BDA5E24BE2CF50039188D /* NoteNode.swift in Sources */,
				02EDE35224C00AEB00CB8059 /* SceneView.swift in Sources */,
				02514B9924C0D7C000CC058A /* MusicFilePlayer.swift in Sources */,
				0292DA4124CA663300A321BB /* ChoosingButton.swift in Sources */,
				02CA62AE24B66083002F190D /* CGPointExtension.swift in Sources */,
				0292DA3F24CA577400A321BB /* CharacterButtonStyle.swift in Sources */,
				029BDA6024BE2DD70039188D /* NodePool.swift in Sources */,
				0237550F24B2CCB300089A16 /* PlayersManager.swift in Sources */,
				029F791F24C6A0A4001D54ED /* GameOverBehaviour.swift in Sources */,
				028AF02024AFBC6200411179 /* StateController.swift in Sources */,
				0237550924B2B60500089A16 /* Character.swift in Sources */,
				028AF00824AFA1BA00411179 /* ContentView.swift in Sources */,
				0237550724AFD76700089A16 /* Checkbox.swift in Sources */,
				0292DA4324CA83A200A321BB /* TrapezeModifier.swift in Sources */,
				028AF01B24AFAE6900411179 /* GameScene.swift in Sources */,
				026C125324AFC7FA0069DF07 /* RoundedCorners.swift in Sources */,
				029BDA6F24BE519B0039188D /* PlayingBehaviour.swift in Sources */,
				024EC7ED24C0D0A10054DCAD /* StartMenuBehaviour.swift in Sources */,
				0237550D24B2B78900089A16 /* CID.swift in Sources */,
				020B065624C78A13008D7848 /* PausedBehaviour.swift in Sources */,
				029BDA7424BF7D0F0039188D /* Music.swift in Sources */,
				02CA62B024B671C1002F190D /* Command.swift in Sources */,
				0237551524B2CD1F00089A16 /* MultipeerController.swift in Sources */,
				029BDA6224BE2E180039188D /* Pool.swift in Sources */,
				028AF00624AFA1BA00411179 /* AppDelegate.swift in Sources */,
				02CA62AA24B63B8B002F190D /* BiMO.swift in Sources */,
				026C125124AFC1970069DF07 /* SegmentedControl.swift in Sources */,
				02CA62AC24B63BA9002F190D /* ROOT.swift in Sources */,
				0237551324B2CCFA00089A16 /* MultipeerHandler.swift in Sources */,
				020B065724C88C7B008D7848 /* FrameNode.swift in Sources */,
				02B61A5C24C9C64600FE12DB /* ChoosingBehaviour.swift in Sources */,
				029BDA7124BF7C160039188D /* NoteSpawner.swift in Sources */,
				028AF01E24AFB43C00411179 /* Menu.swift in Sources */,
				02BE472524B2D29D00A74008 /* Player.swift in Sources */,
				0237551724B2CD3A00089A16 /* GlobalProperties.swift in Sources */,
			);
			runOnlyForDeploymentPostprocessing = 0;
		};
/* End PBXSourcesBuildPhase section */

/* Begin PBXVariantGroup section */
		027BD91A24B790F0000CCC35 /* LaunchScreen.storyboard */ = {
			isa = PBXVariantGroup;
			children = (
				027BD91B24B790F0000CCC35 /* Base */,
			);
			name = LaunchScreen.storyboard;
			sourceTree = "<group>";
		};
		028AF00E24AFA1BD00411179 /* LaunchScreen.storyboard */ = {
			isa = PBXVariantGroup;
			children = (
				028AF00F24AFA1BD00411179 /* Base */,
			);
			name = LaunchScreen.storyboard;
			sourceTree = "<group>";
		};
/* End PBXVariantGroup section */

/* Begin XCBuildConfiguration section */
		027BD91E24B790F0000CCC35 /* Debug */ = {
			isa = XCBuildConfiguration;
			buildSettings = {
				ASSETCATALOG_COMPILER_APPICON_NAME = AppIcon;
				CODE_SIGN_STYLE = Automatic;
				CURRENT_PROJECT_VERSION = 7;
				DEVELOPMENT_ASSET_PATHS = "\"Beatbots Controller/Preview Content\"";
				DEVELOPMENT_TEAM = BVZY57RJZG;
				ENABLE_PREVIEWS = YES;
				INFOPLIST_FILE = "Beatbots Controller/Info.plist";
				IPHONEOS_DEPLOYMENT_TARGET = 13.5;
				LD_RUNPATH_SEARCH_PATHS = (
					"$(inherited)",
					"@executable_path/Frameworks",
				);
				PRODUCT_BUNDLE_IDENTIFIER = PGF.Beatbots;
				PRODUCT_NAME = Beatbots;
				SDKROOT = iphoneos;
				SWIFT_VERSION = 5.0;
				TARGETED_DEVICE_FAMILY = "1,2";
			};
			name = Debug;
		};
		027BD91F24B790F0000CCC35 /* Release */ = {
			isa = XCBuildConfiguration;
			buildSettings = {
				ASSETCATALOG_COMPILER_APPICON_NAME = AppIcon;
				CODE_SIGN_STYLE = Automatic;
				CURRENT_PROJECT_VERSION = 7;
				DEVELOPMENT_ASSET_PATHS = "\"Beatbots Controller/Preview Content\"";
				DEVELOPMENT_TEAM = BVZY57RJZG;
				ENABLE_PREVIEWS = YES;
				INFOPLIST_FILE = "Beatbots Controller/Info.plist";
				IPHONEOS_DEPLOYMENT_TARGET = 13.5;
				LD_RUNPATH_SEARCH_PATHS = (
					"$(inherited)",
					"@executable_path/Frameworks",
				);
				PRODUCT_BUNDLE_IDENTIFIER = PGF.Beatbots;
				PRODUCT_NAME = Beatbots;
				SDKROOT = iphoneos;
				SWIFT_VERSION = 5.0;
				TARGETED_DEVICE_FAMILY = "1,2";
			};
			name = Release;
		};
		028AF01224AFA1BD00411179 /* Debug */ = {
			isa = XCBuildConfiguration;
			buildSettings = {
				ALWAYS_SEARCH_USER_PATHS = NO;
				CLANG_ANALYZER_NONNULL = YES;
				CLANG_ANALYZER_NUMBER_OBJECT_CONVERSION = YES_AGGRESSIVE;
				CLANG_CXX_LANGUAGE_STANDARD = "gnu++14";
				CLANG_CXX_LIBRARY = "libc++";
				CLANG_ENABLE_MODULES = YES;
				CLANG_ENABLE_OBJC_ARC = YES;
				CLANG_ENABLE_OBJC_WEAK = YES;
				CLANG_WARN_BLOCK_CAPTURE_AUTORELEASING = YES;
				CLANG_WARN_BOOL_CONVERSION = YES;
				CLANG_WARN_COMMA = YES;
				CLANG_WARN_CONSTANT_CONVERSION = YES;
				CLANG_WARN_DEPRECATED_OBJC_IMPLEMENTATIONS = YES;
				CLANG_WARN_DIRECT_OBJC_ISA_USAGE = YES_ERROR;
				CLANG_WARN_DOCUMENTATION_COMMENTS = YES;
				CLANG_WARN_EMPTY_BODY = YES;
				CLANG_WARN_ENUM_CONVERSION = YES;
				CLANG_WARN_INFINITE_RECURSION = YES;
				CLANG_WARN_INT_CONVERSION = YES;
				CLANG_WARN_NON_LITERAL_NULL_CONVERSION = YES;
				CLANG_WARN_OBJC_IMPLICIT_RETAIN_SELF = YES;
				CLANG_WARN_OBJC_LITERAL_CONVERSION = YES;
				CLANG_WARN_OBJC_ROOT_CLASS = YES_ERROR;
				CLANG_WARN_RANGE_LOOP_ANALYSIS = YES;
				CLANG_WARN_STRICT_PROTOTYPES = YES;
				CLANG_WARN_SUSPICIOUS_MOVE = YES;
				CLANG_WARN_UNGUARDED_AVAILABILITY = YES_AGGRESSIVE;
				CLANG_WARN_UNREACHABLE_CODE = YES;
				CLANG_WARN__DUPLICATE_METHOD_MATCH = YES;
				COPY_PHASE_STRIP = NO;
				DEBUG_INFORMATION_FORMAT = dwarf;
				ENABLE_STRICT_OBJC_MSGSEND = YES;
				ENABLE_TESTABILITY = YES;
				GCC_C_LANGUAGE_STANDARD = gnu11;
				GCC_DYNAMIC_NO_PIC = NO;
				GCC_NO_COMMON_BLOCKS = YES;
				GCC_OPTIMIZATION_LEVEL = 0;
				GCC_PREPROCESSOR_DEFINITIONS = (
					"DEBUG=1",
					"$(inherited)",
				);
				GCC_WARN_64_TO_32_BIT_CONVERSION = YES;
				GCC_WARN_ABOUT_RETURN_TYPE = YES_ERROR;
				GCC_WARN_UNDECLARED_SELECTOR = YES;
				GCC_WARN_UNINITIALIZED_AUTOS = YES_AGGRESSIVE;
				GCC_WARN_UNUSED_FUNCTION = YES;
				GCC_WARN_UNUSED_VARIABLE = YES;
				MTL_ENABLE_DEBUG_INFO = INCLUDE_SOURCE;
				MTL_FAST_MATH = YES;
				ONLY_ACTIVE_ARCH = YES;
				SDKROOT = appletvos;
				SWIFT_ACTIVE_COMPILATION_CONDITIONS = DEBUG;
				SWIFT_OPTIMIZATION_LEVEL = "-Onone";
				TVOS_DEPLOYMENT_TARGET = 13.4;
			};
			name = Debug;
		};
		028AF01324AFA1BD00411179 /* Release */ = {
			isa = XCBuildConfiguration;
			buildSettings = {
				ALWAYS_SEARCH_USER_PATHS = NO;
				CLANG_ANALYZER_NONNULL = YES;
				CLANG_ANALYZER_NUMBER_OBJECT_CONVERSION = YES_AGGRESSIVE;
				CLANG_CXX_LANGUAGE_STANDARD = "gnu++14";
				CLANG_CXX_LIBRARY = "libc++";
				CLANG_ENABLE_MODULES = YES;
				CLANG_ENABLE_OBJC_ARC = YES;
				CLANG_ENABLE_OBJC_WEAK = YES;
				CLANG_WARN_BLOCK_CAPTURE_AUTORELEASING = YES;
				CLANG_WARN_BOOL_CONVERSION = YES;
				CLANG_WARN_COMMA = YES;
				CLANG_WARN_CONSTANT_CONVERSION = YES;
				CLANG_WARN_DEPRECATED_OBJC_IMPLEMENTATIONS = YES;
				CLANG_WARN_DIRECT_OBJC_ISA_USAGE = YES_ERROR;
				CLANG_WARN_DOCUMENTATION_COMMENTS = YES;
				CLANG_WARN_EMPTY_BODY = YES;
				CLANG_WARN_ENUM_CONVERSION = YES;
				CLANG_WARN_INFINITE_RECURSION = YES;
				CLANG_WARN_INT_CONVERSION = YES;
				CLANG_WARN_NON_LITERAL_NULL_CONVERSION = YES;
				CLANG_WARN_OBJC_IMPLICIT_RETAIN_SELF = YES;
				CLANG_WARN_OBJC_LITERAL_CONVERSION = YES;
				CLANG_WARN_OBJC_ROOT_CLASS = YES_ERROR;
				CLANG_WARN_RANGE_LOOP_ANALYSIS = YES;
				CLANG_WARN_STRICT_PROTOTYPES = YES;
				CLANG_WARN_SUSPICIOUS_MOVE = YES;
				CLANG_WARN_UNGUARDED_AVAILABILITY = YES_AGGRESSIVE;
				CLANG_WARN_UNREACHABLE_CODE = YES;
				CLANG_WARN__DUPLICATE_METHOD_MATCH = YES;
				COPY_PHASE_STRIP = NO;
				DEBUG_INFORMATION_FORMAT = "dwarf-with-dsym";
				ENABLE_NS_ASSERTIONS = NO;
				ENABLE_STRICT_OBJC_MSGSEND = YES;
				GCC_C_LANGUAGE_STANDARD = gnu11;
				GCC_NO_COMMON_BLOCKS = YES;
				GCC_WARN_64_TO_32_BIT_CONVERSION = YES;
				GCC_WARN_ABOUT_RETURN_TYPE = YES_ERROR;
				GCC_WARN_UNDECLARED_SELECTOR = YES;
				GCC_WARN_UNINITIALIZED_AUTOS = YES_AGGRESSIVE;
				GCC_WARN_UNUSED_FUNCTION = YES;
				GCC_WARN_UNUSED_VARIABLE = YES;
				MTL_ENABLE_DEBUG_INFO = NO;
				MTL_FAST_MATH = YES;
				SDKROOT = appletvos;
				SWIFT_COMPILATION_MODE = wholemodule;
				SWIFT_OPTIMIZATION_LEVEL = "-O";
				TVOS_DEPLOYMENT_TARGET = 13.4;
				VALIDATE_PRODUCT = YES;
			};
			name = Release;
		};
		028AF01524AFA1BD00411179 /* Debug */ = {
			isa = XCBuildConfiguration;
			buildSettings = {
				ASSETCATALOG_COMPILER_APPICON_NAME = "App Icon & Top Shelf Image";
				CODE_SIGN_STYLE = Automatic;
				CURRENT_PROJECT_VERSION = 7;
				DEVELOPMENT_ASSET_PATHS = "\"Beatbots/Preview Content\"";
				DEVELOPMENT_TEAM = BVZY57RJZG;
				ENABLE_PREVIEWS = YES;
				INFOPLIST_FILE = Beatbots/Info.plist;
				LD_RUNPATH_SEARCH_PATHS = (
					"$(inherited)",
					"@executable_path/Frameworks",
				);
				PRODUCT_BUNDLE_IDENTIFIER = PGF.Beatbots;
				PRODUCT_NAME = "$(TARGET_NAME)";
				SWIFT_VERSION = 5.0;
				TARGETED_DEVICE_FAMILY = 3;
			};
			name = Debug;
		};
		028AF01624AFA1BD00411179 /* Release */ = {
			isa = XCBuildConfiguration;
			buildSettings = {
				ASSETCATALOG_COMPILER_APPICON_NAME = "App Icon & Top Shelf Image";
				CODE_SIGN_STYLE = Automatic;
				CURRENT_PROJECT_VERSION = 7;
				DEVELOPMENT_ASSET_PATHS = "\"Beatbots/Preview Content\"";
				DEVELOPMENT_TEAM = BVZY57RJZG;
				ENABLE_PREVIEWS = YES;
				INFOPLIST_FILE = Beatbots/Info.plist;
				LD_RUNPATH_SEARCH_PATHS = (
					"$(inherited)",
					"@executable_path/Frameworks",
				);
				PRODUCT_BUNDLE_IDENTIFIER = PGF.Beatbots;
				PRODUCT_NAME = "$(TARGET_NAME)";
				SWIFT_VERSION = 5.0;
				TARGETED_DEVICE_FAMILY = 3;
			};
			name = Release;
		};
/* End XCBuildConfiguration section */

/* Begin XCConfigurationList section */
		027BD92024B790F0000CCC35 /* Build configuration list for PBXNativeTarget "Beatbots Controller" */ = {
			isa = XCConfigurationList;
			buildConfigurations = (
				027BD91E24B790F0000CCC35 /* Debug */,
				027BD91F24B790F0000CCC35 /* Release */,
			);
			defaultConfigurationIsVisible = 0;
			defaultConfigurationName = Release;
		};
		028AEFFD24AFA1BA00411179 /* Build configuration list for PBXProject "Beatbots" */ = {
			isa = XCConfigurationList;
			buildConfigurations = (
				028AF01224AFA1BD00411179 /* Debug */,
				028AF01324AFA1BD00411179 /* Release */,
			);
			defaultConfigurationIsVisible = 0;
			defaultConfigurationName = Release;
		};
		028AF01424AFA1BD00411179 /* Build configuration list for PBXNativeTarget "Beatbots" */ = {
			isa = XCConfigurationList;
			buildConfigurations = (
				028AF01524AFA1BD00411179 /* Debug */,
				028AF01624AFA1BD00411179 /* Release */,
			);
			defaultConfigurationIsVisible = 0;
			defaultConfigurationName = Release;
		};
/* End XCConfigurationList section */
	};
	rootObject = 028AEFFA24AFA1BA00411179 /* Project object */;
}
